
Microsoft Visual Studio Solution File, Format Version 12.00
# Visual Studio 15
VisualStudioVersion = 15.0.26430.16
MinimumVisualStudioVersion = 10.0.40219.1
Project("{FAE04EC0-301F-11D3-BF4B-00C04F79EFBC}") = "HeretPreWorkControl", "HeretPreWorkControl\HeretPreWorkControl.csproj", "{4EC0C02C-FF9F-455C-B0FF-DD7FD95FF371}"
EndProject
Project("{54435603-DBB4-11D2-8724-00A0C9A8B90C}") = "PreworkControlSetup", "PreworkControlSetup\PreworkControlSetup.vdproj", "{D456BD7D-D5B3-4A52-B851-E66E3246EED3}"
EndProject
Global
	GlobalSection(SolutionConfigurationPlatforms) = preSolution
		Debug|Any CPU = Debug|Any CPU
		Release|Any CPU = Release|Any CPU
	EndGlobalSection
	GlobalSection(ProjectConfigurationPlatforms) = postSolution
		{4EC0C02C-FF9F-455C-B0FF-DD7FD95FF371}.Debug|Any CPU.ActiveCfg = Debug|Any CPU
		{4EC0C02C-FF9F-455C-B0FF-DD7FD95FF371}.Debug|Any CPU.Build.0 = Debug|Any CPU
		{4EC0C02C-FF9F-455C-B0FF-DD7FD95FF371}.Release|Any CPU.ActiveCfg = Release|Any CPU
		{4EC0C02C-FF9F-455C-B0FF-DD7FD95FF371}.Release|Any CPU.Build.0 = Release|Any CPU
		{D456BD7D-D5B3-4A52-B851-E66E3246EED3}.Debug|Any CPU.ActiveCfg = Debug
		{D456BD7D-D5B3-4A52-B851-E66E3246EED3}.Release|Any CPU.ActiveCfg = Release
	EndGlobalSection
	GlobalSection(SolutionProperties) = preSolution
		HideSolutionNode = FALSE
	EndGlobalSection
	GlobalSection(ExtensibilityGlobals) = postSolution
		VisualSVNWorkingCopyRoot = .
	EndGlobalSection
EndGlobal
